
Microsoft Visual Studio Solution File, Format Version 12.00
Project("{FAE04EC0-301F-11D3-BF4B-00C04F79EFBC}") = "SimpleClientCredentialsHttpClient", "SimpleClientCredentialsHttpClient\SimpleClientCredentialsHttpClient.csproj", "{7A409452-7814-464A-9714-54473CC7DBDB}"
EndProject
Project("{FAE04EC0-301F-11D3-BF4B-00C04F79EFBC}") = "SimpleClientCredentialsHttpClient.Test", "SimpleClientCredentialsHttpClient.Test\SimpleClientCredentialsHttpClient.Test.csproj", "{FE66E998-1E42-4F7D-B209-8B35F8A08056}"
EndProject
Global
	GlobalSection(SolutionConfigurationPlatforms) = preSolution
		Debug|Any CPU = Debug|Any CPU
		Release|Any CPU = Release|Any CPU
	EndGlobalSection
	GlobalSection(ProjectConfigurationPlatforms) = postSolution
		{7A409452-7814-464A-9714-54473CC7DBDB}.Debug|Any CPU.ActiveCfg = Debug|Any CPU
		{7A409452-7814-464A-9714-54473CC7DBDB}.Debug|Any CPU.Build.0 = Debug|Any CPU
		{7A409452-7814-464A-9714-54473CC7DBDB}.Release|Any CPU.ActiveCfg = Release|Any CPU
		{7A409452-7814-464A-9714-54473CC7DBDB}.Release|Any CPU.Build.0 = Release|Any CPU
		{FE66E998-1E42-4F7D-B209-8B35F8A08056}.Debug|Any CPU.ActiveCfg = Debug|Any CPU
		{FE66E998-1E42-4F7D-B209-8B35F8A08056}.Debug|Any CPU.Build.0 = Debug|Any CPU
		{FE66E998-1E42-4F7D-B209-8B35F8A08056}.Release|Any CPU.ActiveCfg = Release|Any CPU
		{FE66E998-1E42-4F7D-B209-8B35F8A08056}.Release|Any CPU.Build.0 = Release|Any CPU
	EndGlobalSection
EndGlobal
